github.com/pkg/errors v0.9.1 h1:FEBLx1zS214owpjy7qsBeixbURkuhQAwrK5UwLGTwt4=
github.com/pkg/errors v0.9.1/go.mod h1:bwawxfHBFNV+L2hUp1rHADufV3IMtnDRdf1r5NINEl0=
github.com/secureworks/errors v0.1.2 h1:7CYiN00neeeEtSDqVagttKXYyLGu8sE7wBqiD+Eq8E0=
github.com/secureworks/errors v0.1.2/go.mod h1:iGDm+slXjGWuc5ozdltnR715LbXzarYt3nE/ydfST7E=
